
Microsoft Visual Studio Solution File, Format Version 12.00
# Visual Studio 15
VisualStudioVersion = 15.0.27428.2027
MinimumVisualStudioVersion = 10.0.40219.1
Project("{FAE04EC0-301F-11D3-BF4B-00C04F79EFBC}") = "Compiler", "Compiler\Compiler.csproj", "{00C89F1A-80B8-4A7D-BB50-F12B4DF2DAC9}"
EndProject
Project("{FAE04EC0-301F-11D3-BF4B-00C04F79EFBC}") = "PL0Editor", "PL0Editor\PL0Editor.csproj", "{869FF34B-54D0-46BD-A233-3A0BFF6EB710}"
EndProject
Global
	GlobalSection(SolutionConfigurationPlatforms) = preSolution
		Debug|Any CPU = Debug|Any CPU
		Debug|Net35 = Debug|Net35
		Debug|Net40 = Debug|Net40
		Debug|WithNRefactory = Debug|WithNRefactory
		Release|Any CPU = Release|Any CPU
		Release|Net35 = Release|Net35
		Release|Net40 = Release|Net40
		Release|WithNRefactory = Release|WithNRefactory
	EndGlobalSection
	GlobalSection(ProjectConfigurationPlatforms) = postSolution
		{00C89F1A-80B8-4A7D-BB50-F12B4DF2DAC9}.Debug|Any CPU.ActiveCfg = Debug|Any CPU
		{00C89F1A-80B8-4A7D-BB50-F12B4DF2DAC9}.Debug|Any CPU.Build.0 = Debug|Any CPU
		{00C89F1A-80B8-4A7D-BB50-F12B4DF2DAC9}.Debug|Net35.ActiveCfg = Debug|Any CPU
		{00C89F1A-80B8-4A7D-BB50-F12B4DF2DAC9}.Debug|Net35.Build.0 = Debug|Any CPU
		{00C89F1A-80B8-4A7D-BB50-F12B4DF2DAC9}.Debug|Net40.ActiveCfg = Debug|Any CPU
		{00C89F1A-80B8-4A7D-BB50-F12B4DF2DAC9}.Debug|Net40.Build.0 = Debug|Any CPU
		{00C89F1A-80B8-4A7D-BB50-F12B4DF2DAC9}.Debug|WithNRefactory.ActiveCfg = Debug|Any CPU
		{00C89F1A-80B8-4A7D-BB50-F12B4DF2DAC9}.Debug|WithNRefactory.Build.0 = Debug|Any CPU
		{00C89F1A-80B8-4A7D-BB50-F12B4DF2DAC9}.Release|Any CPU.ActiveCfg = Release|Any CPU
		{00C89F1A-80B8-4A7D-BB50-F12B4DF2DAC9}.Release|Any CPU.Build.0 = Release|Any CPU
		{00C89F1A-80B8-4A7D-BB50-F12B4DF2DAC9}.Release|Net35.ActiveCfg = Release|Any CPU
		{00C89F1A-80B8-4A7D-BB50-F12B4DF2DAC9}.Release|Net35.Build.0 = Release|Any CPU
		{00C89F1A-80B8-4A7D-BB50-F12B4DF2DAC9}.Release|Net40.ActiveCfg = Release|Any CPU
		{00C89F1A-80B8-4A7D-BB50-F12B4DF2DAC9}.Release|Net40.Build.0 = Release|Any CPU
		{00C89F1A-80B8-4A7D-BB50-F12B4DF2DAC9}.Release|WithNRefactory.ActiveCfg = Release|Any CPU
		{00C89F1A-80B8-4A7D-BB50-F12B4DF2DAC9}.Release|WithNRefactory.Build.0 = Release|Any CPU
		{869FF34B-54D0-46BD-A233-3A0BFF6EB710}.Debug|Any CPU.ActiveCfg = Debug|Any CPU
		{869FF34B-54D0-46BD-A233-3A0BFF6EB710}.Debug|Any CPU.Build.0 = Debug|Any CPU
		{869FF34B-54D0-46BD-A233-3A0BFF6EB710}.Debug|Net35.ActiveCfg = Debug|Any CPU
		{869FF34B-54D0-46BD-A233-3A0BFF6EB710}.Debug|Net35.Build.0 = Debug|Any CPU
		{869FF34B-54D0-46BD-A233-3A0BFF6EB710}.Debug|Net40.ActiveCfg = Debug|Any CPU
		{869FF34B-54D0-46BD-A233-3A0BFF6EB710}.Debug|Net40.Build.0 = Debug|Any CPU
		{869FF34B-54D0-46BD-A233-3A0BFF6EB710}.Debug|WithNRefactory.ActiveCfg = Debug|Any CPU
		{869FF34B-54D0-46BD-A233-3A0BFF6EB710}.Debug|WithNRefactory.Build.0 = Debug|Any CPU
		{869FF34B-54D0-46BD-A233-3A0BFF6EB710}.Release|Any CPU.ActiveCfg = Release|Any CPU
		{869FF34B-54D0-46BD-A233-3A0BFF6EB710}.Release|Any CPU.Build.0 = Release|Any CPU
		{869FF34B-54D0-46BD-A233-3A0BFF6EB710}.Release|Net35.ActiveCfg = Release|Any CPU
		{869FF34B-54D0-46BD-A233-3A0BFF6EB710}.Release|Net35.Build.0 = Release|Any CPU
		{869FF34B-54D0-46BD-A233-3A0BFF6EB710}.Release|Net40.ActiveCfg = Release|Any CPU
		{869FF34B-54D0-46BD-A233-3A0BFF6EB710}.Release|Net40.Build.0 = Release|Any CPU
		{869FF34B-54D0-46BD-A233-3A0BFF6EB710}.Release|WithNRefactory.ActiveCfg = Release|Any CPU
		{869FF34B-54D0-46BD-A233-3A0BFF6EB710}.Release|WithNRefactory.Build.0 = Release|Any CPU
	EndGlobalSection
	GlobalSection(SolutionProperties) = preSolution
		HideSolutionNode = FALSE
	EndGlobalSection
	GlobalSection(ExtensibilityGlobals) = postSolution
		SolutionGuid = {ACFD41DB-7AA4-48CF-A9B3-A9E105EDC987}
	EndGlobalSection
EndGlobal
